{
  "name": "wingit",
  "version": "0.1.0",
  "lockfileVersion": 1,
  "requires": true,
  "dependencies": {
    "parse-http-url": {
      "version": "0.2.1",
      "resolved": "https://registry.npmjs.org/parse-http-url/-/parse-http-url-0.2.1.tgz",
      "integrity": "sha512-46+6aPo0ZngS9HQHyRiVKHFyulYTDv5eeU3V6R9lc9+N7Jgaojb2V4CYgOGpscCk58iHazqOngqS8D6yQyq4aA==",
      "requires": {
        "punycode": "2.1.0"
      }
    },
    "punycode": {
      "version": "2.1.0",
      "resolved": "https://registry.npmjs.org/punycode/-/punycode-2.1.0.tgz",
      "integrity": "sha1-X4Y+3Im5bbCQdLrXlHvwkFbKTn0="
    }
  }
}
